// !$*UTF8*$!
{
	archiveVersion = 1;
	classes = {
	};
	objectVersion = 51;
	objects = {

/* Begin PBXBuildFile section */
		4006E7592272163A006FAD6B /* FaceDetector.cpp in Sources */ = {isa = PBXBuildFile; fileRef = 4006E7572272163A006FAD6B /* FaceDetector.cpp */; };
		4031491A21FA2AF7007C7B47 /* main.cpp in Sources */ = {isa = PBXBuildFile; fileRef = 4031491921FA2AF7007C7B47 /* main.cpp */; };
/* End PBXBuildFile section */

/* Begin PBXCopyFilesBuildPhase section */
		4031491421FA2AF7007C7B47 /* CopyFiles */ = {
			isa = PBXCopyFilesBuildPhase;
			buildActionMask = 2147483647;
			dstPath = /usr/share/man/man1/;
			dstSubfolderSpec = 0;
			files = (
			);
			runOnlyForDeploymentPostprocessing = 1;
		};
/* End PBXCopyFilesBuildPhase section */

/* Begin PBXFileReference section */
		4006E7572272163A006FAD6B /* FaceDetector.cpp */ = {isa = PBXFileReference; lastKnownFileType = sourcecode.cpp.cpp; path = FaceDetector.cpp; sourceTree = "<group>"; };
		4006E7582272163A006FAD6B /* FaceDetector.h */ = {isa = PBXFileReference; lastKnownFileType = sourcecode.c.h; path = FaceDetector.h; sourceTree = "<group>"; };
		4031491621FA2AF7007C7B47 /* ejemplo */ = {isa = PBXFileReference; explicitFileType = "compiled.mach-o.executable"; includeInIndex = 0; path = ejemplo; sourceTree = BUILT_PRODUCTS_DIR; };
		4031491921FA2AF7007C7B47 /* main.cpp */ = {isa = PBXFileReference; lastKnownFileType = sourcecode.cpp.cpp; path = main.cpp; sourceTree = "<group>"; };
		40B6395C2236C77C00266E65 /* Info.plist */ = {isa = PBXFileReference; lastKnownFileType = text.plist.xml; path = Info.plist; sourceTree = "<group>"; };
/* End PBXFileReference section */

/* Begin PBXFrameworksBuildPhase section */
		4031491321FA2AF7007C7B47 /* Frameworks */ = {
			isa = PBXFrameworksBuildPhase;
			buildActionMask = 2147483647;
			files = (
			);
			runOnlyForDeploymentPostprocessing = 0;
		};
/* End PBXFrameworksBuildPhase section */

/* Begin PBXGroup section */
		4031490D21FA2AF7007C7B47 = {
			isa = PBXGroup;
			children = (
				40B6395C2236C77C00266E65 /* Info.plist */,
				4031491821FA2AF7007C7B47 /* ejemplo */,
				4031491721FA2AF7007C7B47 /* Products */,
			);
			sourceTree = "<group>";
		};
		4031491721FA2AF7007C7B47 /* Products */ = {
			isa = PBXGroup;
			children = (
				4031491621FA2AF7007C7B47 /* ejemplo */,
			);
			name = Products;
			sourceTree = "<group>";
		};
		4031491821FA2AF7007C7B47 /* ejemplo */ = {
			isa = PBXGroup;
			children = (
				4031491921FA2AF7007C7B47 /* main.cpp */,
				4006E7572272163A006FAD6B /* FaceDetector.cpp */,
				4006E7582272163A006FAD6B /* FaceDetector.h */,
			);
			path = ejemplo;
			sourceTree = "<group>";
		};
/* End PBXGroup section */

/* Begin PBXNativeTarget section */
		4031491521FA2AF7007C7B47 /* ejemplo */ = {
			isa = PBXNativeTarget;
			buildConfigurationList = 4031491D21FA2AF7007C7B47 /* Build configuration list for PBXNativeTarget "ejemplo" */;
			buildPhases = (
				4031491221FA2AF7007C7B47 /* Sources */,
				4031491321FA2AF7007C7B47 /* Frameworks */,
				4031491421FA2AF7007C7B47 /* CopyFiles */,
			);
			buildRules = (
			);
			dependencies = (
			);
			name = ejemplo;
			productName = ejemplo;
			productReference = 4031491621FA2AF7007C7B47 /* ejemplo */;
			productType = "com.apple.product-type.tool";
		};
/* End PBXNativeTarget section */

/* Begin PBXProject section */
		4031490E21FA2AF7007C7B47 /* Project object */ = {
			isa = PBXProject;
			attributes = {
				LastUpgradeCheck = 1010;
				ORGANIZATIONNAME = "Christian Alberto Dalma Schultz";
				TargetAttributes = {
					4031491521FA2AF7007C7B47 = {
						CreatedOnToolsVersion = 10.1;
					};
				};
			};
			buildConfigurationList = 4031491121FA2AF7007C7B47 /* Build configuration list for PBXProject "ejemplo" */;
			compatibilityVersion = "Xcode 10.0";
			developmentRegion = en;
			hasScannedForEncodings = 0;
			knownRegions = (
				en,
			);
			mainGroup = 4031490D21FA2AF7007C7B47;
			productRefGroup = 4031491721FA2AF7007C7B47 /* Products */;
			projectDirPath = "";
			projectRoot = "";
			targets = (
				4031491521FA2AF7007C7B47 /* ejemplo */,
			);
		};
/* End PBXProject section */

/* Begin PBXSourcesBuildPhase section */
		4031491221FA2AF7007C7B47 /* Sources */ = {
			isa = PBXSourcesBuildPhase;
			buildActionMask = 2147483647;
			files = (
				4006E7592272163A006FAD6B /* FaceDetector.cpp in Sources */,
				4031491A21FA2AF7007C7B47 /* main.cpp in Sources */,
			);
			runOnlyForDeploymentPostprocessing = 0;
		};
/* End PBXSourcesBuildPhase section */

/* Begin XCBuildConfiguration section */
		4031491B21FA2AF7007C7B47 /* Debug */ = {
			isa = XCBuildConfiguration;
			buildSettings = {
				ALWAYS_SEARCH_USER_PATHS = NO;
				CLANG_ANALYZER_NONNULL = YES;
				CLANG_ANALYZER_NUMBER_OBJECT_CONVERSION = YES_AGGRESSIVE;
				CLANG_CXX_LANGUAGE_STANDARD = "gnu++14";
				CLANG_CXX_LIBRARY = "libc++";
				CLANG_ENABLE_MODULES = YES;
				CLANG_ENABLE_OBJC_ARC = YES;
				CLANG_ENABLE_OBJC_WEAK = YES;
				CLANG_WARN_BLOCK_CAPTURE_AUTORELEASING = YES;
				CLANG_WARN_BOOL_CONVERSION = YES;
				CLANG_WARN_COMMA = YES;
				CLANG_WARN_CONSTANT_CONVERSION = YES;
				CLANG_WARN_DEPRECATED_OBJC_IMPLEMENTATIONS = YES;
				CLANG_WARN_DIRECT_OBJC_ISA_USAGE = YES_ERROR;
				CLANG_WARN_DOCUMENTATION_COMMENTS = YES;
				CLANG_WARN_EMPTY_BODY = YES;
				CLANG_WARN_ENUM_CONVERSION = YES;
				CLANG_WARN_INFINITE_RECURSION = YES;
				CLANG_WARN_INT_CONVERSION = YES;
				CLANG_WARN_NON_LITERAL_NULL_CONVERSION = YES;
				CLANG_WARN_OBJC_IMPLICIT_RETAIN_SELF = YES;
				CLANG_WARN_OBJC_LITERAL_CONVERSION = YES;
				CLANG_WARN_OBJC_ROOT_CLASS = YES_ERROR;
				CLANG_WARN_RANGE_LOOP_ANALYSIS = YES;
				CLANG_WARN_STRICT_PROTOTYPES = YES;
				CLANG_WARN_SUSPICIOUS_MOVE = YES;
				CLANG_WARN_UNGUARDED_AVAILABILITY = YES_AGGRESSIVE;
				CLANG_WARN_UNREACHABLE_CODE = YES;
				CLANG_WARN__DUPLICATE_METHOD_MATCH = YES;
				CODE_SIGN_IDENTITY = "-";
				COPY_PHASE_STRIP = NO;
				DEBUG_INFORMATION_FORMAT = dwarf;
				ENABLE_STRICT_OBJC_MSGSEND = YES;
				ENABLE_TESTABILITY = YES;
				GCC_C_LANGUAGE_STANDARD = gnu11;
				GCC_DYNAMIC_NO_PIC = NO;
				GCC_NO_COMMON_BLOCKS = YES;
				GCC_OPTIMIZATION_LEVEL = 0;
				GCC_PREPROCESSOR_DEFINITIONS = (
					"DEBUG=1",
					"$(inherited)",
				);
				GCC_WARN_64_TO_32_BIT_CONVERSION = YES;
				GCC_WARN_ABOUT_RETURN_TYPE = YES_ERROR;
				GCC_WARN_UNDECLARED_SELECTOR = YES;
				GCC_WARN_UNINITIALIZED_AUTOS = YES_AGGRESSIVE;
				GCC_WARN_UNUSED_FUNCTION = YES;
				GCC_WARN_UNUSED_VARIABLE = YES;
				MACOSX_DEPLOYMENT_TARGET = 10.14;
				MTL_ENABLE_DEBUG_INFO = INCLUDE_SOURCE;
				MTL_FAST_MATH = YES;
				ONLY_ACTIVE_ARCH = YES;
				SDKROOT = macosx;
			};
			name = Debug;
		};
		4031491C21FA2AF7007C7B47 /* Release */ = {
			isa = XCBuildConfiguration;
			buildSettings = {
				ALWAYS_SEARCH_USER_PATHS = NO;
				CLANG_ANALYZER_NONNULL = YES;
				CLANG_ANALYZER_NUMBER_OBJECT_CONVERSION = YES_AGGRESSIVE;
				CLANG_CXX_LANGUAGE_STANDARD = "gnu++14";
				CLANG_CXX_LIBRARY = "libc++";
				CLANG_ENABLE_MODULES = YES;
				CLANG_ENABLE_OBJC_ARC = YES;
				CLANG_ENABLE_OBJC_WEAK = YES;
				CLANG_WARN_BLOCK_CAPTURE_AUTORELEASING = YES;
				CLANG_WARN_BOOL_CONVERSION = YES;
				CLANG_WARN_COMMA = YES;
				CLANG_WARN_CONSTANT_CONVERSION = YES;
				CLANG_WARN_DEPRECATED_OBJC_IMPLEMENTATIONS = YES;
				CLANG_WARN_DIRECT_OBJC_ISA_USAGE = YES_ERROR;
				CLANG_WARN_DOCUMENTATION_COMMENTS = YES;
				CLANG_WARN_EMPTY_BODY = YES;
				CLANG_WARN_ENUM_CONVERSION = YES;
				CLANG_WARN_INFINITE_RECURSION = YES;
				CLANG_WARN_INT_CONVERSION = YES;
				CLANG_WARN_NON_LITERAL_NULL_CONVERSION = YES;
				CLANG_WARN_OBJC_IMPLICIT_RETAIN_SELF = YES;
				CLANG_WARN_OBJC_LITERAL_CONVERSION = YES;
				CLANG_WARN_OBJC_ROOT_CLASS = YES_ERROR;
				CLANG_WARN_RANGE_LOOP_ANALYSIS = YES;
				CLANG_WARN_STRICT_PROTOTYPES = YES;
				CLANG_WARN_SUSPICIOUS_MOVE = YES;
				CLANG_WARN_UNGUARDED_AVAILABILITY = YES_AGGRESSIVE;
				CLANG_WARN_UNREACHABLE_CODE = YES;
				CLANG_WARN__DUPLICATE_METHOD_MATCH = YES;
				CODE_SIGN_IDENTITY = "-";
				COPY_PHASE_STRIP = NO;
				DEBUG_INFORMATION_FORMAT = "dwarf-with-dsym";
				ENABLE_NS_ASSERTIONS = NO;
				ENABLE_STRICT_OBJC_MSGSEND = YES;
				GCC_C_LANGUAGE_STANDARD = gnu11;
				GCC_NO_COMMON_BLOCKS = YES;
				GCC_WARN_64_TO_32_BIT_CONVERSION = YES;
				GCC_WARN_ABOUT_RETURN_TYPE = YES_ERROR;
				GCC_WARN_UNDECLARED_SELECTOR = YES;
				GCC_WARN_UNINITIALIZED_AUTOS = YES_AGGRESSIVE;
				GCC_WARN_UNUSED_FUNCTION = YES;
				GCC_WARN_UNUSED_VARIABLE = YES;
				MACOSX_DEPLOYMENT_TARGET = 10.14;
				MTL_ENABLE_DEBUG_INFO = NO;
				MTL_FAST_MATH = YES;
				SDKROOT = macosx;
			};
			name = Release;
		};
		4031491E21FA2AF7007C7B47 /* Debug */ = {
			isa = XCBuildConfiguration;
			buildSettings = {
				CODE_SIGN_STYLE = Automatic;
				HEADER_SEARCH_PATHS = /usr/local/Cellar/opencv/4.0.1/include/opencv4;
				"HEADER_SEARCH_PATHS[arch=*]" = /usr/local/Cellar/opencv/4.0.1/include/opencv4;
				LIBRARY_SEARCH_PATHS = /usr/local/Cellar/opencv/4.0.1/lib;
				"LIBRARY_SEARCH_PATHS[arch=*]" = /usr/local/Cellar/opencv/4.0.1/lib;
				OTHER_LDFLAGS = (
					"-lopencv_aruco",
					"-lopencv_bgsegm",
					"-lopencv_bioinspired",
					"-lopencv_calib3d",
					"-lopencv_ccalib",
					"-lopencv_core",
					"-lopencv_datasets",
					"-lopencv_dnn_objdetect",
					"-lopencv_dnn",
					"-lopencv_dpm",
					"-lopencv_face",
					"-lopencv_features2d",
					"-lopencv_flann",
					"-lopencv_fuzzy",
					"-lopencv_gapi",
					"-lopencv_hfs",
					"-lopencv_highgui",
					"-lopencv_img_hash",
					"-lopencv_imgcodecs",
					"-lopencv_imgproc",
					"-lopencv_line_descriptor",
					"-lopencv_ml",
					"-lopencv_objdetect",
					"-lopencv_optflow",
					"-lopencv_phase_unwrapping",
					"-lopencv_photo",
					"-lopencv_plot",
					"-lopencv_reg",
					"-lopencv_rgbd",
					"-lopencv_saliency",
					"-lopencv_shape",
					"-lopencv_stereo",
					"-lopencv_stitching",
					"-lopencv_structured_light",
					"-lopencv_superres",
					"-lopencv_surface_matching",
					"-lopencv_tracking",
					"-lopencv_video",
					"-lopencv_videoio",
					"-lopencv_videostab",
					"-lopencv_xfeatures2d",
					"-lopencv_ximgproc",
					"-lopencv_xobjdetect",
					"-lopencv_xphoto",
				);
				PRODUCT_NAME = "$(TARGET_NAME)";
			};
			name = Debug;
		};
		4031491F21FA2AF7007C7B47 /* Release */ = {
			isa = XCBuildConfiguration;
			buildSettings = {
				CODE_SIGN_STYLE = Automatic;
				HEADER_SEARCH_PATHS = /usr/local/Cellar/opencv/4.0.1/include/opencv4;
				LIBRARY_SEARCH_PATHS = /usr/local/Cellar/opencv/4.0.1/lib;
				OTHER_LDFLAGS = (
					"-lopencv_aruco",
					"-lopencv_bgsegm",
					"-lopencv_bioinspired",
					"-lopencv_calib3d",
					"-lopencv_ccalib",
					"-lopencv_core",
					"-lopencv_datasets",
					"-lopencv_dnn_objdetect",
					"-lopencv_dnn",
					"-lopencv_dpm",
					"-lopencv_face",
					"-lopencv_features2d",
					"-lopencv_flann",
					"-lopencv_fuzzy",
					"-lopencv_gapi",
					"-lopencv_hfs",
					"-lopencv_highgui",
					"-lopencv_img_hash",
					"-lopencv_imgcodecs",
					"-lopencv_imgproc",
					"-lopencv_line_descriptor",
					"-lopencv_ml",
					"-lopencv_objdetect",
					"-lopencv_optflow",
					"-lopencv_phase_unwrapping",
					"-lopencv_photo",
					"-lopencv_plot",
					"-lopencv_reg",
					"-lopencv_rgbd",
					"-lopencv_saliency",
					"-lopencv_shape",
					"-lopencv_stereo",
					"-lopencv_stitching",
					"-lopencv_structured_light",
					"-lopencv_superres",
					"-lopencv_surface_matching",
					"-lopencv_tracking",
					"-lopencv_video",
					"-lopencv_videoio",
					"-lopencv_videostab",
					"-lopencv_xfeatures2d",
					"-lopencv_ximgproc",
					"-lopencv_xobjdetect",
					"-lopencv_xphoto",
				);
				PRODUCT_NAME = "$(TARGET_NAME)";
			};
			name = Release;
		};
/* End XCBuildConfiguration section */

/* Begin XCConfigurationList section */
		4031491121FA2AF7007C7B47 /* Build configuration list for PBXProject "ejemplo" */ = {
			isa = XCConfigurationList;
			buildConfigurations = (
				4031491B21FA2AF7007C7B47 /* Debug */,
				4031491C21FA2AF7007C7B47 /* Release */,
			);
			defaultConfigurationIsVisible = 0;
			defaultConfigurationName = Release;
		};
		4031491D21FA2AF7007C7B47 /* Build configuration list for PBXNativeTarget "ejemplo" */ = {
			isa = XCConfigurationList;
			buildConfigurations = (
				4031491E21FA2AF7007C7B47 /* Debug */,
				4031491F21FA2AF7007C7B47 /* Release */,
			);
			defaultConfigurationIsVisible = 0;
			defaultConfigurationName = Release;
		};
/* End XCConfigurationList section */
	};
	rootObject = 4031490E21FA2AF7007C7B47 /* Project object */;
}
